{
  "name": "@superset-ui/legacy-preset-chart-big-number",
  "version": "0.14.9",
  "lockfileVersion": 1,
  "requires": true,
  "dependencies": {
    "@babel/helper-module-imports": {
      "version": "7.10.4",
      "resolved": "https://registry.npmjs.org/@babel/helper-module-imports/-/helper-module-imports-7.10.4.tgz",
      "integrity": "sha512-nEQJHqYavI217oD9+s5MUBzk6x1IlvoS9WTPfgG43CbMEeStE0v+r+TucWdx8KFGowPGvyOkDT9+7DHedIDnVw==",
      "requires": {
        "@babel/types": "^7.10.4"
      }
    },
    "@babel/helper-validator-identifier": {
      "version": "7.10.4",
      "resolved": "https://registry.npmjs.org/@babel/helper-validator-identifier/-/helper-validator-identifier-7.10.4.tgz",
      "integrity": "sha512-3U9y+43hz7ZM+rzG24Qe2mufW5KhvFg/NhnNph+i9mgCtdTCtMJuI1TMkrIUiK7Ix4PYlRF9I5dhqaLYA/ADXw=="
    },
    "@babel/types": {
      "version": "7.11.0",
      "resolved": "https://registry.npmjs.org/@babel/types/-/types-7.11.0.tgz",
      "integrity": "sha512-O53yME4ZZI0jO1EVGtF1ePGl0LHirG4P1ibcD80XyzZcKhcMFeCXmh4Xb1ifGBIV233Qg12x4rBfQgA+tmOukA==",
      "requires": {
        "@babel/helper-validator-identifier": "^7.10.4",
        "lodash": "^4.17.19",
        "to-fast-properties": "^2.0.0"
      }
    },
    "@data-ui/shared": {
      "version": "0.0.84",
      "resolved": "https://registry.npmjs.org/@data-ui/shared/-/shared-0.0.84.tgz",
      "integrity": "sha512-MsDLsFzBHFEREr/eF2/RX1o/cXioEg+VQTsM8gViW5ywGQ7Xo5+EqUOaBSrwqKAkvp3e8PaEZVkchPC54IBhrA==",
      "requires": {
        "@data-ui/theme": "^0.0.84",
        "@vx/event": "^0.0.165",
        "@vx/group": "^0.0.165",
        "@vx/shape": "^0.0.168",
        "@vx/tooltip": "0.0.165",
        "d3-array": "^1.2.1",
        "prop-types": "^15.5.10"
      },
      "dependencies": {
        "@vx/shape": {
          "version": "0.0.168",
          "resolved": "https://registry.npmjs.org/@vx/shape/-/shape-0.0.168.tgz",
          "integrity": "sha512-urKZkwSafMpPQ0wI/L5FJmufRiAR4UsgYUCKxROjfE1Cf4jWNlK6mlVIIASxCdHlh9CGBbIrRMdl5Yv5lzqhjA==",
          "requires": {
            "@vx/curve": "0.0.165",
            "@vx/group": "0.0.165",
            "@vx/point": "0.0.165",
            "classnames": "^2.2.5",
            "d3-path": "^1.0.5",
            "d3-shape": "^1.2.0",
            "prop-types": "^15.5.10"
          }
        }
      }
    },
    "@data-ui/theme": {
      "version": "0.0.84",
      "resolved": "https://registry.npmjs.org/@data-ui/theme/-/theme-0.0.84.tgz",
      "integrity": "sha512-jIoHftC/5c/LVJYF4VSBjjVjrjc0yj4mLkGe8p0eVO7qUYKVvlWx7PrpM7ucyefvuAaKIwlr+Nh2xPGPdADjaA=="
    },
    "@data-ui/xy-chart": {
      "version": "0.0.84",
      "resolved": "https://registry.npmjs.org/@data-ui/xy-chart/-/xy-chart-0.0.84.tgz",
      "integrity": "sha512-4mRWEGfeQJ2kFXmQ81k1gDPx2zdkty6lt0+srui4zleSyhnBv1dmm9J03dq+qwr7+bpzjfq77nINV5HXWb31Bg==",
      "requires": {
        "@data-ui/shared": "^0.0.84",
        "@data-ui/theme": "^0.0.84",
        "@vx/axis": "^0.0.175",
        "@vx/curve": "^0.0.165",
        "@vx/event": "^0.0.165",
        "@vx/glyph": "^0.0.165",
        "@vx/gradient": "^0.0.165",
        "@vx/grid": "^0.0.180",
        "@vx/group": "^0.0.165",
        "@vx/pattern": "^0.0.165",
        "@vx/point": "^0.0.165",
        "@vx/responsive": "^0.0.192",
        "@vx/scale": "^0.0.165",
        "@vx/shape": "^0.0.165",
        "@vx/stats": "^0.0.165",
        "@vx/text": "^0.0.192",
        "@vx/threshold": "0.0.170",
        "@vx/tooltip": "^0.0.165",
        "@vx/voronoi": "^0.0.165",
        "d3-array": "^1.2.0",
        "prop-types": "^15.5.10"
      }
    },
    "@types/d3-color": {
      "version": "1.2.2",
      "resolved": "https://registry.npmjs.org/@types/d3-color/-/d3-color-1.2.2.tgz",
      "integrity": "sha512-6pBxzJ8ZP3dYEQ4YjQ+NVbQaOflfgXq/JbDiS99oLobM2o72uAST4q6yPxHv6FOTCRC/n35ktuo8pvw/S4M7sw=="
    },
    "@types/shortid": {
      "version": "0.0.29",
      "resolved": "https://registry.npmjs.org/@types/shortid/-/shortid-0.0.29.tgz",
      "integrity": "sha1-gJPuBBam4r8qpjOBCRFLP7/6Dps="
    },
    "@vx/axis": {
      "version": "0.0.175",
      "resolved": "https://registry.npmjs.org/@vx/axis/-/axis-0.0.175.tgz",
      "integrity": "sha512-qVRIHurnbPnRF4p0KQITArOUSF564tWW1pc48giLz+DJGlcJ4H9RfOSTpV6rnnP15xto6pQdQehBgBAvFRmoig==",
      "requires": {
        "@vx/group": "0.0.170",
        "@vx/point": "0.0.165",
        "@vx/shape": "0.0.175",
        "@vx/text": "0.0.175",
        "classnames": "^2.2.5",
        "prop-types": "^15.6.0"
      },
      "dependencies": {
        "@vx/group": {
          "version": "0.0.170",
          "resolved": "https://registry.npmjs.org/@vx/group/-/group-0.0.170.tgz",
          "integrity": "sha512-RnDdRoy0YI5hokk+YWXc8t39Kp51i4BdCpiwkDJU4YypGycTYnDFjicam6jigUmZ/6wyMirDf/aQboWviFLt2Q==",
          "requires": {
            "classnames": "^2.2.5"
          }
        },
        "@vx/shape": {
          "version": "0.0.175",
          "resolved": "https://registry.npmjs.org/@vx/shape/-/shape-0.0.175.tgz",
          "integrity": "sha512-bjAJoIIpKjUEPDV2xmTYGUvSvwRztv+6rd1c6NPZG/nIuqsMHFnFig/2xTcQJEQhRg6aKzvxIUo43zPSSq3fWA==",
          "requires": {
            "@vx/curve": "0.0.165",
            "@vx/group": "0.0.170",
            "@vx/point": "0.0.165",
            "classnames": "^2.2.5",
            "d3-path": "^1.0.5",
            "d3-shape": "^1.2.0",
            "prop-types": "^15.5.10"
          }
        },
        "@vx/text": {
          "version": "0.0.175",
          "resolved": "https://registry.npmjs.org/@vx/text/-/text-0.0.175.tgz",
          "integrity": "sha512-SOBhctXXAGhhpCOiTjxOM/8NDaDqGRk3OGfsJ714Mt1UJX6VQaKxFocZJwn6IMw3mNG6/p7O4Eao/gGDcoM6+A==",
          "requires": {
            "babel-plugin-lodash": "^3.3.2",
            "classnames": "^2.2.5",
            "lodash": "^4.17.4",
            "reduce-css-calc": "^1.3.0"
          }
        }
      }
    },
    "@vx/bounds": {
      "version": "0.0.165",
      "resolved": "https://registry.npmjs.org/@vx/bounds/-/bounds-0.0.165.tgz",
      "integrity": "sha512-ZvRb72/4QNs1ZrytZTZxd0hfAb/KKfhsdkcYtIQkmdF6dTsjigMQZ+h2bLvLnbZb/RxyCCoxdiZSGXd+T1c//Q==",
      "requires": {
        "prop-types": "^15.5.10"
      }
    },
    "@vx/clip-path": {
      "version": "0.0.165",
      "resolved": "https://registry.npmjs.org/@vx/clip-path/-/clip-path-0.0.165.tgz",
      "integrity": "sha512-mBCbgguLMVyGvar5FbxqyyY4NQFlnXoSLF0TrhgWYkF/FCXdE1CzBC+Y4iXIJOY0ZTtluqL9XrNdIDpx49AmuA=="
    },
    "@vx/curve": {
      "version": "0.0.165",
      "resolved": "https://registry.npmjs.org/@vx/curve/-/curve-0.0.165.tgz",
      "integrity": "sha512-fiQAGrKNGjJbL+eixUckJqIZDWXH/1NtIyyDbSz3J7ksk0QpYr5BgWcNJN76HLNt7wfcLwNzCHeNs4iVYyFGTg==",
      "requires": {
        "d3-shape": "^1.0.6"
      }
    },
    "@vx/event": {
      "version": "0.0.165",
      "resolved": "https://registry.npmjs.org/@vx/event/-/event-0.0.165.tgz",
      "integrity": "sha512-FsQiw0f3s5DQB6aBQmBcoWk9e4q65LcDobHIyV8qrmpW2QgV2NvQFM1w0Q300ohpRMgJDzGk68HHHQgFOJvApw==",
      "requires": {
        "@vx/point": "0.0.165"
      }
    },
    "@vx/glyph": {
      "version": "0.0.165",
      "resolved": "https://registry.npmjs.org/@vx/glyph/-/glyph-0.0.165.tgz",
      "integrity": "sha512-kccUm40e/VCtayxqvcwc2K2M6oNXO7IafwIfw1RRv6Fj4Iutto9ZpI+PGOf/zPnYVueoLnWBXT/HE7IRS+C2gw==",
      "requires": {
        "@vx/group": "0.0.165",
        "classnames": "^2.2.5",
        "d3-shape": "^1.2.0"
      }
    },
    "@vx/gradient": {
      "version": "0.0.165",
      "resolved": "https://registry.npmjs.org/@vx/gradient/-/gradient-0.0.165.tgz",
      "integrity": "sha512-FjRXMTmcy7k0TWsfDzWWXw6T9WXKP+6LS/GRgnguq271pab/P+AdOJThsVxtBgUc8ZOAPbub3/2Gggz9d8tocg==",
      "requires": {
        "classnames": "^2.2.5",
        "prop-types": "^15.5.7"
      }
    },
    "@vx/grid": {
      "version": "0.0.180",
      "resolved": "https://registry.npmjs.org/@vx/grid/-/grid-0.0.180.tgz",
      "integrity": "sha512-+ugS0c6GbwHr6pFU0znnOG3/zTwRRadvWwj3E4ZOHmKUSz6ZEN6JNo+rD3WSZckYwLis6UivmYfJ5cV6AM4ufg==",
      "requires": {
        "@vx/group": "0.0.170",
        "@vx/point": "0.0.165",
        "@vx/shape": "0.0.179",
        "classnames": "^2.2.5",
        "prop-types": "^15.6.2"
      },
      "dependencies": {
        "@vx/group": {
          "version": "0.0.170",
          "resolved": "https://registry.npmjs.org/@vx/group/-/group-0.0.170.tgz",
          "integrity": "sha512-RnDdRoy0YI5hokk+YWXc8t39Kp51i4BdCpiwkDJU4YypGycTYnDFjicam6jigUmZ/6wyMirDf/aQboWviFLt2Q==",
          "requires": {
            "classnames": "^2.2.5"
          }
        },
        "@vx/shape": {
          "version": "0.0.179",
          "resolved": "https://registry.npmjs.org/@vx/shape/-/shape-0.0.179.tgz",
          "integrity": "sha512-YHVNx4xGpbjolkW3Lb5pEgJB0+u349vfnLI976DJlinY0hRNa4TZbWXOB4ywLIrYzQEXXPMUR8WtdubNxg6g0w==",
          "requires": {
            "@vx/curve": "0.0.165",
            "@vx/group": "0.0.170",
            "@vx/point": "0.0.165",
            "classnames": "^2.2.5",
            "d3-path": "^1.0.5",
            "d3-shape": "^1.2.0",
            "prop-types": "^15.5.10"
          }
        }
      }
    },
    "@vx/group": {
      "version": "0.0.165",
      "resolved": "https://registry.npmjs.org/@vx/group/-/group-0.0.165.tgz",
      "integrity": "sha512-gi1DSg8AAaVRseyWiq8y4bzyvKiQIXT6vDUYBVRmv2LBcpHocBGaxNiNK0X602RgLG0XmNyRv6qSCWLOaBs3Mg==",
      "requires": {
        "classnames": "^2.2.5"
      }
    },
    "@vx/pattern": {
      "version": "0.0.165",
      "resolved": "https://registry.npmjs.org/@vx/pattern/-/pattern-0.0.165.tgz",
      "integrity": "sha512-h5nmfcYlQYYzNhlhqaYUvVnkmGnC0yWv5yU1snjHweGmIHTovV3RAbKgVFAP7kB3i2rbEtC3O8WkJN++cZdLzA==",
      "requires": {
        "classnames": "^2.2.5",
        "prop-types": "^15.5.10"
      }
    },
    "@vx/point": {
      "version": "0.0.165",
      "resolved": "https://registry.npmjs.org/@vx/point/-/point-0.0.165.tgz",
      "integrity": "sha512-spoHilhjcWNgccrSzBUPw+PXV81tYxeyEWBkgr35aGVU4m7YT86Ywvfemwp7AVVGPn+XJHrhB0ujAhDoyqFPoA=="
    },
    "@vx/responsive": {
      "version": "0.0.192",
      "resolved": "https://registry.npmjs.org/@vx/responsive/-/responsive-0.0.192.tgz",
      "integrity": "sha512-HaXVwhSJXUfRbzRV+glxsX0ki2Hi1mdpz42iuGArVQgDPJEmBHjkXyoiXU8U6v66M7FAH+OyKgtc5j2bfhyYzA==",
      "requires": {
        "lodash": "^4.17.10",
        "prop-types": "^15.6.1",
        "resize-observer-polyfill": "1.5.0"
      }
    },
    "@vx/scale": {
      "version": "0.0.165",
      "resolved": "https://registry.npmjs.org/@vx/scale/-/scale-0.0.165.tgz",
      "integrity": "sha512-5jSgXJDU6J/KWIyCbpjHqysPCddp7tG3LbTV7UmtB1Qleb4m4slShTVSE7+EKU+zgiQPDGm0+E2ht4cet+7F7A==",
      "requires": {
        "d3-scale": "^2.0.0"
      }
    },
    "@vx/shape": {
      "version": "0.0.165",
      "resolved": "https://registry.npmjs.org/@vx/shape/-/shape-0.0.165.tgz",
      "integrity": "sha512-D9naH/glDtw8J8IcdumpRz1ihaoCAYMwFNh2KTv73HiTKrLQSXvIjwYFv9C0b8BCPNOXkDZS8s+AlgMSqGlZNQ==",
      "requires": {
        "@vx/curve": "0.0.165",
        "@vx/group": "0.0.165",
        "@vx/point": "0.0.165",
        "classnames": "^2.2.5",
        "d3-path": "^1.0.5",
        "d3-shape": "^1.2.0",
        "prop-types": "^15.5.10"
      }
    },
    "@vx/stats": {
      "version": "0.0.165",
      "resolved": "https://registry.npmjs.org/@vx/stats/-/stats-0.0.165.tgz",
      "integrity": "sha512-FRW5N+7pXLZrQxT8JA8OH28PGKq7YfiycmnSG7jzXOnvw+sPm9MRKCoyRDTpFrCiggcOhHhvqhE8RiO2qF7d3Q==",
      "requires": {
        "@vx/group": "0.0.165",
        "@vx/scale": "0.0.165",
        "classnames": "^2.2.5",
        "d3-shape": "^1.2.0"
      }
    },
    "@vx/text": {
      "version": "0.0.192",
      "resolved": "https://registry.npmjs.org/@vx/text/-/text-0.0.192.tgz",
      "integrity": "sha512-lyy7eXfmQ8SJF7Qx+bCRcaEgvVSa18Lp6eRMo3GMANumUh9kSe7LwgqRFSdBJ85WkPqX+UOkJVyCH7AOlt0IWA==",
      "requires": {
        "classnames": "^2.2.5",
        "lodash": "^4.17.15",
        "prop-types": "^15.7.2",
        "reduce-css-calc": "^1.3.0"
      }
    },
    "@vx/threshold": {
      "version": "0.0.170",
      "resolved": "https://registry.npmjs.org/@vx/threshold/-/threshold-0.0.170.tgz",
      "integrity": "sha512-A3yWJrFqckbleXg3Q3iSsU6mdtHbMxEnE4jGZd8og4m9r2RDVTvFVP6ZRo4vunlfWj5YuMnNsKhx4ZSWKVMtXg==",
      "requires": {
        "@vx/clip-path": "0.0.165",
        "@vx/shape": "0.0.170",
        "classnames": "^2.2.5",
        "prop-types": "^15.5.10"
      },
      "dependencies": {
        "@vx/group": {
          "version": "0.0.170",
          "resolved": "https://registry.npmjs.org/@vx/group/-/group-0.0.170.tgz",
          "integrity": "sha512-RnDdRoy0YI5hokk+YWXc8t39Kp51i4BdCpiwkDJU4YypGycTYnDFjicam6jigUmZ/6wyMirDf/aQboWviFLt2Q==",
          "requires": {
            "classnames": "^2.2.5"
          }
        },
        "@vx/shape": {
          "version": "0.0.170",
          "resolved": "https://registry.npmjs.org/@vx/shape/-/shape-0.0.170.tgz",
          "integrity": "sha512-rm8oVRP0ejgwGhQTVhqP5awqphWX60FgbnRt9X+YBUqgv7Qyedfgs/CHd/5QFZX3aPp8d4F+b4+lghbIYiMgmQ==",
          "requires": {
            "@vx/curve": "0.0.165",
            "@vx/group": "0.0.170",
            "@vx/point": "0.0.165",
            "classnames": "^2.2.5",
            "d3-path": "^1.0.5",
            "d3-shape": "^1.2.0",
            "prop-types": "^15.5.10"
          }
        }
      }
    },
    "@vx/tooltip": {
      "version": "0.0.165",
      "resolved": "https://registry.npmjs.org/@vx/tooltip/-/tooltip-0.0.165.tgz",
      "integrity": "sha512-/x1NZc67QGQ4e/WNT7Ks5LYRyeLSqp8lG04gX5J6leUS0zscAVzo3aE5u65Qqbc0cnMyMPRZ2Qtb4klWTLg+eQ==",
      "requires": {
        "@vx/bounds": "0.0.165",
        "classnames": "^2.2.5",
        "prop-types": "^15.5.10"
      }
    },
    "@vx/voronoi": {
      "version": "0.0.165",
      "resolved": "https://registry.npmjs.org/@vx/voronoi/-/voronoi-0.0.165.tgz",
      "integrity": "sha512-oZT9KBAjDLCEcOrrqW01TPz8pLtrNNAFPa7mB9ignXvgntqEd3yVXCBkxXScfZLS+O8UQc+7/pawu0PPkE2eMw==",
      "requires": {
        "@vx/group": "0.0.165",
        "classnames": "^2.2.5",
        "d3-voronoi": "^1.1.2",
        "prop-types": "^15.6.1"
      }
    },
    "babel-plugin-lodash": {
      "version": "3.3.4",
      "resolved": "https://registry.npmjs.org/babel-plugin-lodash/-/babel-plugin-lodash-3.3.4.tgz",
      "integrity": "sha512-yDZLjK7TCkWl1gpBeBGmuaDIFhZKmkoL+Cu2MUUjv5VxUZx/z7tBGBCBcQs5RI1Bkz5LLmNdjx7paOyQtMovyg==",
      "requires": {
        "@babel/helper-module-imports": "^7.0.0-beta.49",
        "@babel/types": "^7.0.0-beta.49",
        "glob": "^7.1.1",
        "lodash": "^4.17.10",
        "require-package-name": "^2.0.1"
      }
    },
    "balanced-match": {
      "version": "1.0.0",
      "resolved": "https://registry.npmjs.org/balanced-match/-/balanced-match-1.0.0.tgz",
      "integrity": "sha1-ibTRmasr7kneFk6gK4nORi1xt2c="
    },
    "brace-expansion": {
      "version": "1.1.11",
      "resolved": "https://registry.npmjs.org/brace-expansion/-/brace-expansion-1.1.11.tgz",
      "integrity": "sha512-iCuPHDFgrHX7H2vEI/5xpz07zSHB00TpugqhmYtVmMO6518mCuRMoOYFldEBl0g187ufozdaHgWKcYFb61qGiA==",
      "requires": {
        "balanced-match": "^1.0.0",
        "concat-map": "0.0.1"
      }
    },
    "classnames": {
      "version": "2.2.6",
      "resolved": "https://registry.npmjs.org/classnames/-/classnames-2.2.6.tgz",
      "integrity": "sha512-JR/iSQOSt+LQIWwrwEzJ9uk0xfN3mTVYMwt1Ir5mUcSN6pU+V4zQFFaJsclJbPuAUQH+yfWef6tm7l1quW3C8Q=="
    },
    "concat-map": {
      "version": "0.0.1",
      "resolved": "https://registry.npmjs.org/concat-map/-/concat-map-0.0.1.tgz",
      "integrity": "sha1-2Klr13/Wjfd5OnMDajug1UBdR3s="
    },
    "d3-array": {
      "version": "1.2.4",
      "resolved": "https://registry.npmjs.org/d3-array/-/d3-array-1.2.4.tgz",
      "integrity": "sha512-KHW6M86R+FUPYGb3R5XiYjXPq7VzwxZ22buHhAEVG5ztoEcZZMLov530mmccaqA1GghZArjQV46fuc8kUqhhHw=="
    },
    "d3-collection": {
      "version": "1.0.7",
      "resolved": "https://registry.npmjs.org/d3-collection/-/d3-collection-1.0.7.tgz",
      "integrity": "sha512-ii0/r5f4sjKNTfh84Di+DpztYwqKhEyUlKoPrzUFfeSkWxjW49xU2QzO9qrPrNkpdI0XJkfzvmTu8V2Zylln6A=="
    },
    "d3-color": {
      "version": "1.4.1",
      "resolved": "https://registry.npmjs.org/d3-color/-/d3-color-1.4.1.tgz",
      "integrity": "sha512-p2sTHSLCJI2QKunbGb7ocOh7DgTAn8IrLx21QRc/BSnodXM4sv6aLQlnfpvehFMLZEfBc6g9pH9SWQccFYfJ9Q=="
    },
    "d3-format": {
      "version": "1.4.4",
      "resolved": "https://registry.npmjs.org/d3-format/-/d3-format-1.4.4.tgz",
      "integrity": "sha512-TWks25e7t8/cqctxCmxpUuzZN11QxIA7YrMbram94zMQ0PXjE4LVIMe/f6a4+xxL8HQ3OsAFULOINQi1pE62Aw=="
    },
    "d3-interpolate": {
      "version": "1.4.0",
      "resolved": "https://registry.npmjs.org/d3-interpolate/-/d3-interpolate-1.4.0.tgz",
      "integrity": "sha512-V9znK0zc3jOPV4VD2zZn0sDhZU3WAE2bmlxdIwwQPPzPjvyLkd8B3JUVdS1IDUFDkWZ72c9qnv1GK2ZagTZ8EA==",
      "requires": {
        "d3-color": "1"
      }
    },
    "d3-path": {
      "version": "1.0.9",
      "resolved": "https://registry.npmjs.org/d3-path/-/d3-path-1.0.9.tgz",
      "integrity": "sha512-VLaYcn81dtHVTjEHd8B+pbe9yHWpXKZUC87PzoFmsFrJqgFwDe/qxfp5MlfsfM1V5E/iVt0MmEbWQ7FVIXh/bg=="
    },
    "d3-scale": {
      "version": "2.2.2",
      "resolved": "https://registry.npmjs.org/d3-scale/-/d3-scale-2.2.2.tgz",
      "integrity": "sha512-LbeEvGgIb8UMcAa0EATLNX0lelKWGYDQiPdHj+gLblGVhGLyNbaCn3EvrJf0A3Y/uOOU5aD6MTh5ZFCdEwGiCw==",
      "requires": {
        "d3-array": "^1.2.0",
        "d3-collection": "1",
        "d3-format": "1",
        "d3-interpolate": "1",
        "d3-time": "1",
        "d3-time-format": "2"
      }
    },
    "d3-shape": {
      "version": "1.3.7",
      "resolved": "https://registry.npmjs.org/d3-shape/-/d3-shape-1.3.7.tgz",
      "integrity": "sha512-EUkvKjqPFUAZyOlhY5gzCxCeI0Aep04LwIRpsZ/mLFelJiUfnK56jo5JMDSE7yyP2kLSb6LtF+S5chMk7uqPqw==",
      "requires": {
        "d3-path": "1"
      }
    },
    "d3-time": {
      "version": "1.1.0",
      "resolved": "https://registry.npmjs.org/d3-time/-/d3-time-1.1.0.tgz",
      "integrity": "sha512-Xh0isrZ5rPYYdqhAVk8VLnMEidhz5aP7htAADH6MfzgmmicPkTo8LhkLxci61/lCB7n7UmE3bN0leRt+qvkLxA=="
    },
    "d3-time-format": {
      "version": "2.2.3",
      "resolved": "https://registry.npmjs.org/d3-time-format/-/d3-time-format-2.2.3.tgz",
      "integrity": "sha512-RAHNnD8+XvC4Zc4d2A56Uw0yJoM7bsvOlJR33bclxq399Rak/b9bhvu/InjxdWhPtkgU53JJcleJTGkNRnN6IA==",
      "requires": {
        "d3-time": "1"
      }
    },
    "d3-voronoi": {
      "version": "1.1.4",
      "resolved": "https://registry.npmjs.org/d3-voronoi/-/d3-voronoi-1.1.4.tgz",
      "integrity": "sha512-dArJ32hchFsrQ8uMiTBLq256MpnZjeuBtdHpaDlYuQyjU0CVzCJl/BVW+SkszaAeH95D/8gxqAhgx0ouAWAfRg=="
    },
    "fs.realpath": {
      "version": "1.0.0",
      "resolved": "https://registry.npmjs.org/fs.realpath/-/fs.realpath-1.0.0.tgz",
      "integrity": "sha1-FQStJSMVjKpA20onh8sBQRmU6k8="
    },
    "glob": {
      "version": "7.1.6",
      "resolved": "https://registry.npmjs.org/glob/-/glob-7.1.6.tgz",
      "integrity": "sha512-LwaxwyZ72Lk7vZINtNNrywX0ZuLyStrdDtabefZKAY5ZGJhVtgdznluResxNmPitE0SAO+O26sWTHeKSI2wMBA==",
      "requires": {
        "fs.realpath": "^1.0.0",
        "inflight": "^1.0.4",
        "inherits": "2",
        "minimatch": "^3.0.4",
        "once": "^1.3.0",
        "path-is-absolute": "^1.0.0"
      }
    },
    "inflight": {
      "version": "1.0.6",
      "resolved": "https://registry.npmjs.org/inflight/-/inflight-1.0.6.tgz",
      "integrity": "sha1-Sb1jMdfQLQwJvJEKEHW6gWW1bfk=",
      "requires": {
        "once": "^1.3.0",
        "wrappy": "1"
      }
    },
    "inherits": {
      "version": "2.0.4",
      "resolved": "https://registry.npmjs.org/inherits/-/inherits-2.0.4.tgz",
      "integrity": "sha512-k/vGaX4/Yla3WzyMCvTQOXYeIHvqOKtnqBduzTHpzpQZzAskKMhZ2K+EnBiSM9zGSoIFeMpXKxa4dYeZIQqewQ=="
    },
    "js-tokens": {
      "version": "4.0.0",
      "resolved": "https://registry.npmjs.org/js-tokens/-/js-tokens-4.0.0.tgz",
      "integrity": "sha512-RdJUflcE3cUzKiMqQgsCu06FPu9UdIJO0beYbPhHN4k6apgJtifcoCtT9bcxOpYBtpD2kCM6Sbzg4CausW/PKQ=="
    },
    "lodash": {
      "version": "4.17.19",
      "resolved": "https://registry.npmjs.org/lodash/-/lodash-4.17.19.tgz",
      "integrity": "sha512-JNvd8XER9GQX0v2qJgsaN/mzFCNA5BRe/j8JN9d+tWyGLSodKQHKFicdwNYzWwI3wjRnaKPsGj1XkBjx/F96DQ=="
    },
    "loose-envify": {
      "version": "1.4.0",
      "resolved": "https://registry.npmjs.org/loose-envify/-/loose-envify-1.4.0.tgz",
      "integrity": "sha512-lyuxPGr/Wfhrlem2CL/UcnUc1zcqKAImBDzukY7Y5F/yQiNdko6+fRLevlw1HgMySw7f611UIY408EtxRSoK3Q==",
      "requires": {
        "js-tokens": "^3.0.0 || ^4.0.0"
      }
    },
    "math-expression-evaluator": {
      "version": "1.2.22",
      "resolved": "https://registry.npmjs.org/math-expression-evaluator/-/math-expression-evaluator-1.2.22.tgz",
      "integrity": "sha512-L0j0tFVZBQQLeEjmWOvDLoRciIY8gQGWahvkztXUal8jH8R5Rlqo9GCvgqvXcy9LQhEWdQCVvzqAbxgYNt4blQ=="
    },
    "minimatch": {
      "version": "3.0.4",
      "resolved": "https://registry.npmjs.org/minimatch/-/minimatch-3.0.4.tgz",
      "integrity": "sha512-yJHVQEhyqPLUTgt9B83PXu6W3rx4MvvHvSUvToogpwoGDOUQ+yDrR0HRot+yOCdCO7u4hX3pWft6kWBBcqh0UA==",
      "requires": {
        "brace-expansion": "^1.1.7"
      }
    },
    "nanoid": {
      "version": "2.1.11",
      "resolved": "https://registry.npmjs.org/nanoid/-/nanoid-2.1.11.tgz",
      "integrity": "sha512-s/snB+WGm6uwi0WjsZdaVcuf3KJXlfGl2LcxgwkEwJF0D/BWzVWAZW/XY4bFaiR7s0Jk3FPvlnepg1H1b1UwlA=="
    },
    "object-assign": {
      "version": "4.1.1",
      "resolved": "https://registry.npmjs.org/object-assign/-/object-assign-4.1.1.tgz",
      "integrity": "sha1-IQmtx5ZYh8/AXLvUQsrIv7s2CGM="
    },
    "once": {
      "version": "1.4.0",
      "resolved": "https://registry.npmjs.org/once/-/once-1.4.0.tgz",
      "integrity": "sha1-WDsap3WWHUsROsF9nFC6753Xa9E=",
      "requires": {
        "wrappy": "1"
      }
    },
    "path-is-absolute": {
      "version": "1.0.1",
      "resolved": "https://registry.npmjs.org/path-is-absolute/-/path-is-absolute-1.0.1.tgz",
      "integrity": "sha1-F0uSaHNVNP+8es5r9TpanhtcX18="
    },
    "prop-types": {
      "version": "15.7.2",
      "resolved": "https://registry.npmjs.org/prop-types/-/prop-types-15.7.2.tgz",
      "integrity": "sha512-8QQikdH7//R2vurIJSutZ1smHYTcLpRWEOlHnzcWHmBYrOGUysKwSsrC89BCiFj3CbrfJ/nXFdJepOVrY1GCHQ==",
      "requires": {
        "loose-envify": "^1.4.0",
        "object-assign": "^4.1.1",
        "react-is": "^16.8.1"
      }
    },
    "react-is": {
      "version": "16.13.1",
      "resolved": "https://registry.npmjs.org/react-is/-/react-is-16.13.1.tgz",
      "integrity": "sha512-24e6ynE2H+OKt4kqsOvNd8kBpV65zoxbA4BVsEOB3ARVWQki/DHzaUoC5KuON/BiccDaCCTZBuOcfZs70kR8bQ=="
    },
    "reduce-css-calc": {
      "version": "1.3.0",
      "resolved": "https://registry.npmjs.org/reduce-css-calc/-/reduce-css-calc-1.3.0.tgz",
      "integrity": "sha1-dHyRTgSWFKTJz7umKYca0dKSdxY=",
      "requires": {
        "balanced-match": "^0.4.2",
        "math-expression-evaluator": "^1.2.14",
        "reduce-function-call": "^1.0.1"
      },
      "dependencies": {
        "balanced-match": {
          "version": "0.4.2",
          "resolved": "https://registry.npmjs.org/balanced-match/-/balanced-match-0.4.2.tgz",
          "integrity": "sha1-yz8+PHMtwPAe5wtAPzAuYddwmDg="
        }
      }
    },
    "reduce-function-call": {
      "version": "1.0.3",
      "resolved": "https://registry.npmjs.org/reduce-function-call/-/reduce-function-call-1.0.3.tgz",
      "integrity": "sha512-Hl/tuV2VDgWgCSEeWMLwxLZqX7OK59eU1guxXsRKTAyeYimivsKdtcV4fu3r710tpG5GmDKDhQ0HSZLExnNmyQ==",
      "requires": {
        "balanced-match": "^1.0.0"
      }
    },
    "require-package-name": {
      "version": "2.0.1",
      "resolved": "https://registry.npmjs.org/require-package-name/-/require-package-name-2.0.1.tgz",
      "integrity": "sha1-wR6XJ2tluOKSP3Xav1+y7ww4Qbk="
    },
    "resize-observer-polyfill": {
      "version": "1.5.0",
      "resolved": "https://registry.npmjs.org/resize-observer-polyfill/-/resize-observer-polyfill-1.5.0.tgz",
      "integrity": "sha512-M2AelyJDVR/oLnToJLtuDJRBBWUGUvvGigj1411hXhAdyFWqMaqHp7TixW3FpiLuVaikIcR1QL+zqoJoZlOgpg=="
    },
    "shortid": {
      "version": "2.2.15",
      "resolved": "https://registry.npmjs.org/shortid/-/shortid-2.2.15.tgz",
      "integrity": "sha512-5EaCy2mx2Jgc/Fdn9uuDuNIIfWBpzY4XIlhoqtXF6qsf+/+SGZ+FxDdX/ZsMZiWupIWNqAEmiNY4RC+LSmCeOw==",
      "requires": {
        "nanoid": "^2.1.0"
      }
    },
    "to-fast-properties": {
      "version": "2.0.0",
      "resolved": "https://registry.npmjs.org/to-fast-properties/-/to-fast-properties-2.0.0.tgz",
      "integrity": "sha1-3F5pjL0HkmW8c+A3doGk5Og/YW4="
    },
    "wrappy": {
      "version": "1.0.2",
      "resolved": "https://registry.npmjs.org/wrappy/-/wrappy-1.0.2.tgz",
      "integrity": "sha1-tSQ9jz7BqjXxNkYFvA0QNuMKtp8="
    }
  }
}
